
Microsoft Visual Studio Solution File, Format Version 12.00
# Visual Studio Version 17
VisualStudioVersion = 17.1.32319.34
MinimumVisualStudioVersion = 10.0.40219.1
Project("{FAE04EC0-301F-11D3-BF4B-00C04F79EFBC}") = "Play.Catalog.Service", "Play.Catalog.Service\Play.Catalog.Service.csproj", "{3DC6F006-C94B-49D2-96E7-4D98CD929223}"
EndProject
Global
	GlobalSection(SolutionConfigurationPlatforms) = preSolution
		Debug|Any CPU = Debug|Any CPU
		Release|Any CPU = Release|Any CPU
	EndGlobalSection
	GlobalSection(ProjectConfigurationPlatforms) = postSolution
		{3DC6F006-C94B-49D2-96E7-4D98CD929223}.Debug|Any CPU.ActiveCfg = Debug|Any CPU
		{3DC6F006-C94B-49D2-96E7-4D98CD929223}.Debug|Any CPU.Build.0 = Debug|Any CPU
		{3DC6F006-C94B-49D2-96E7-4D98CD929223}.Release|Any CPU.ActiveCfg = Release|Any CPU
		{3DC6F006-C94B-49D2-96E7-4D98CD929223}.Release|Any CPU.Build.0 = Release|Any CPU
	EndGlobalSection
	GlobalSection(SolutionProperties) = preSolution
		HideSolutionNode = FALSE
	EndGlobalSection
	GlobalSection(ExtensibilityGlobals) = postSolution
		SolutionGuid = {69A46C15-F34F-4DE4-8275-8B0770DE17B5}
	EndGlobalSection
EndGlobal
